// !$*UTF8*$!
{
	archiveVersion = 1;
	classes = {
	};
	objectVersion = 50;
	objects = {

/* Begin PBXBuildFile section */
		06F3996ABC221227B679EF07 /* Pods_InstaFy.framework in Frameworks */ = {isa = PBXBuildFile; fileRef = A23EB21B9E7BB52FA15A9F42 /* Pods_InstaFy.framework */; };
		0A2E25D92162B9F500258417 /* ComposeViewController.swift in Sources */ = {isa = PBXBuildFile; fileRef = 0A2E25D82162B9F500258417 /* ComposeViewController.swift */; };
		0A2E25DB2164504C00258417 /* DetailViewController.swift in Sources */ = {isa = PBXBuildFile; fileRef = 0A2E25DA2164504C00258417 /* DetailViewController.swift */; };
		0A6AE9AF215BD7B00037417B /* AppDelegate.swift in Sources */ = {isa = PBXBuildFile; fileRef = 0A6AE9AE215BD7B00037417B /* AppDelegate.swift */; };
		0A6AE9B1215BD7B00037417B /* ViewController.swift in Sources */ = {isa = PBXBuildFile; fileRef = 0A6AE9B0215BD7B00037417B /* ViewController.swift */; };
		0A6AE9B4215BD7B00037417B /* Main.storyboard in Resources */ = {isa = PBXBuildFile; fileRef = 0A6AE9B2215BD7B00037417B /* Main.storyboard */; };
		0A6AE9B6215BD7B40037417B /* Assets.xcassets in Resources */ = {isa = PBXBuildFile; fileRef = 0A6AE9B5215BD7B40037417B /* Assets.xcassets */; };
		0A6AE9B9215BD7B40037417B /* LaunchScreen.storyboard in Resources */ = {isa = PBXBuildFile; fileRef = 0A6AE9B7215BD7B40037417B /* LaunchScreen.storyboard */; };
		0A6AE9C4215BD7B40037417B /* InstaFyTests.swift in Sources */ = {isa = PBXBuildFile; fileRef = 0A6AE9C3215BD7B40037417B /* InstaFyTests.swift */; };
		0A6AE9CF215BD7B40037417B /* InstaFyUITests.swift in Sources */ = {isa = PBXBuildFile; fileRef = 0A6AE9CE215BD7B40037417B /* InstaFyUITests.swift */; };
		0A6AE9DD215BE4C00037417B /* LoginViewController.swift in Sources */ = {isa = PBXBuildFile; fileRef = 0A6AE9DC215BE4C00037417B /* LoginViewController.swift */; };
		0A82C54A215F0101005E3001 /* Post.swift in Sources */ = {isa = PBXBuildFile; fileRef = 0A82C549215F0100005E3001 /* Post.swift */; };
		0A82C54C215F0362005E3001 /* ImageCell.swift in Sources */ = {isa = PBXBuildFile; fileRef = 0A82C54B215F0362005E3001 /* ImageCell.swift */; };
		0AD88840215D8F92009825F1 /* AuthenticatedViewController.swift in Sources */ = {isa = PBXBuildFile; fileRef = 0AD8883F215D8F92009825F1 /* AuthenticatedViewController.swift */; };
		7A03EBCF70F81FA2DC73EC81 /* Pods_InstaFyUITests.framework in Frameworks */ = {isa = PBXBuildFile; fileRef = 9E9BD59CA37F94970D6A1E05 /* Pods_InstaFyUITests.framework */; };
		8A65D6549F1CCF28E3BE6E77 /* Pods_InstaFyTests.framework in Frameworks */ = {isa = PBXBuildFile; fileRef = 77BE3BF56EF9F2EDE1EF2C05 /* Pods_InstaFyTests.framework */; };
/* End PBXBuildFile section */

/* Begin PBXContainerItemProxy section */
		0A6AE9C0215BD7B40037417B /* PBXContainerItemProxy */ = {
			isa = PBXContainerItemProxy;
			containerPortal = 0A6AE9A3215BD7B00037417B /* Project object */;
			proxyType = 1;
			remoteGlobalIDString = 0A6AE9AA215BD7B00037417B;
			remoteInfo = InstaFy;
		};
		0A6AE9CB215BD7B40037417B /* PBXContainerItemProxy */ = {
			isa = PBXContainerItemProxy;
			containerPortal = 0A6AE9A3215BD7B00037417B /* Project object */;
			proxyType = 1;
			remoteGlobalIDString = 0A6AE9AA215BD7B00037417B;
			remoteInfo = InstaFy;
		};
/* End PBXContainerItemProxy section */

/* Begin PBXFileReference section */
		0266FDA4126AAADBA94EC62B /* Pods-InstaFy.release.xcconfig */ = {isa = PBXFileReference; includeInIndex = 1; lastKnownFileType = text.xcconfig; name = "Pods-InstaFy.release.xcconfig"; path = "Pods/Target Support Files/Pods-InstaFy/Pods-InstaFy.release.xcconfig"; sourceTree = "<group>"; };
		0A2E25D82162B9F500258417 /* ComposeViewController.swift */ = {isa = PBXFileReference; lastKnownFileType = sourcecode.swift; path = ComposeViewController.swift; sourceTree = "<group>"; };
		0A2E25DA2164504C00258417 /* DetailViewController.swift */ = {isa = PBXFileReference; lastKnownFileType = sourcecode.swift; path = DetailViewController.swift; sourceTree = "<group>"; };
		0A6AE9AB215BD7B00037417B /* InstaFy.app */ = {isa = PBXFileReference; explicitFileType = wrapper.application; includeInIndex = 0; path = InstaFy.app; sourceTree = BUILT_PRODUCTS_DIR; };
		0A6AE9AE215BD7B00037417B /* AppDelegate.swift */ = {isa = PBXFileReference; lastKnownFileType = sourcecode.swift; path = AppDelegate.swift; sourceTree = "<group>"; };
		0A6AE9B0215BD7B00037417B /* ViewController.swift */ = {isa = PBXFileReference; lastKnownFileType = sourcecode.swift; path = ViewController.swift; sourceTree = "<group>"; };
		0A6AE9B3215BD7B00037417B /* Base */ = {isa = PBXFileReference; lastKnownFileType = file.storyboard; name = Base; path = Base.lproj/Main.storyboard; sourceTree = "<group>"; };
		0A6AE9B5215BD7B40037417B /* Assets.xcassets */ = {isa = PBXFileReference; lastKnownFileType = folder.assetcatalog; path = Assets.xcassets; sourceTree = "<group>"; };
		0A6AE9B8215BD7B40037417B /* Base */ = {isa = PBXFileReference; lastKnownFileType = file.storyboard; name = Base; path = Base.lproj/LaunchScreen.storyboard; sourceTree = "<group>"; };
		0A6AE9BA215BD7B40037417B /* Info.plist */ = {isa = PBXFileReference; lastKnownFileType = text.plist.xml; path = Info.plist; sourceTree = "<group>"; };
		0A6AE9BF215BD7B40037417B /* InstaFyTests.xctest */ = {isa = PBXFileReference; explicitFileType = wrapper.cfbundle; includeInIndex = 0; path = InstaFyTests.xctest; sourceTree = BUILT_PRODUCTS_DIR; };
		0A6AE9C3215BD7B40037417B /* InstaFyTests.swift */ = {isa = PBXFileReference; lastKnownFileType = sourcecode.swift; path = InstaFyTests.swift; sourceTree = "<group>"; };
		0A6AE9C5215BD7B40037417B /* Info.plist */ = {isa = PBXFileReference; lastKnownFileType = text.plist.xml; path = Info.plist; sourceTree = "<group>"; };
		0A6AE9CA215BD7B40037417B /* InstaFyUITests.xctest */ = {isa = PBXFileReference; explicitFileType = wrapper.cfbundle; includeInIndex = 0; path = InstaFyUITests.xctest; sourceTree = BUILT_PRODUCTS_DIR; };
		0A6AE9CE215BD7B40037417B /* InstaFyUITests.swift */ = {isa = PBXFileReference; lastKnownFileType = sourcecode.swift; path = InstaFyUITests.swift; sourceTree = "<group>"; };
		0A6AE9D0215BD7B40037417B /* Info.plist */ = {isa = PBXFileReference; lastKnownFileType = text.plist.xml; path = Info.plist; sourceTree = "<group>"; };
		0A6AE9DC215BE4C00037417B /* LoginViewController.swift */ = {isa = PBXFileReference; lastKnownFileType = sourcecode.swift; path = LoginViewController.swift; sourceTree = "<group>"; };
		0A82C549215F0100005E3001 /* Post.swift */ = {isa = PBXFileReference; lastKnownFileType = sourcecode.swift; path = Post.swift; sourceTree = "<group>"; };
		0A82C54B215F0362005E3001 /* ImageCell.swift */ = {isa = PBXFileReference; lastKnownFileType = sourcecode.swift; path = ImageCell.swift; sourceTree = "<group>"; };
		0AD8883F215D8F92009825F1 /* AuthenticatedViewController.swift */ = {isa = PBXFileReference; lastKnownFileType = sourcecode.swift; path = AuthenticatedViewController.swift; sourceTree = "<group>"; };
		147CCE608E5D3E89D5B58DF8 /* Pods-InstaFyUITests.release.xcconfig */ = {isa = PBXFileReference; includeInIndex = 1; lastKnownFileType = text.xcconfig; name = "Pods-InstaFyUITests.release.xcconfig"; path = "Pods/Target Support Files/Pods-InstaFyUITests/Pods-InstaFyUITests.release.xcconfig"; sourceTree = "<group>"; };
		2B5BBB64487E0408F5B32D51 /* Pods-InstaFy.debug.xcconfig */ = {isa = PBXFileReference; includeInIndex = 1; lastKnownFileType = text.xcconfig; name = "Pods-InstaFy.debug.xcconfig"; path = "Pods/Target Support Files/Pods-InstaFy/Pods-InstaFy.debug.xcconfig"; sourceTree = "<group>"; };
		539B50B80335F812F9989DB5 /* Pods-InstaFyUITests.debug.xcconfig */ = {isa = PBXFileReference; includeInIndex = 1; lastKnownFileType = text.xcconfig; name = "Pods-InstaFyUITests.debug.xcconfig"; path = "Pods/Target Support Files/Pods-InstaFyUITests/Pods-InstaFyUITests.debug.xcconfig"; sourceTree = "<group>"; };
		750DB533E057DEB8243B0BFD /* Pods-InstaFyTests.release.xcconfig */ = {isa = PBXFileReference; includeInIndex = 1; lastKnownFileType = text.xcconfig; name = "Pods-InstaFyTests.release.xcconfig"; path = "Pods/Target Support Files/Pods-InstaFyTests/Pods-InstaFyTests.release.xcconfig"; sourceTree = "<group>"; };
		77BE3BF56EF9F2EDE1EF2C05 /* Pods_InstaFyTests.framework */ = {isa = PBXFileReference; explicitFileType = wrapper.framework; includeInIndex = 0; path = Pods_InstaFyTests.framework; sourceTree = BUILT_PRODUCTS_DIR; };
		9E9BD59CA37F94970D6A1E05 /* Pods_InstaFyUITests.framework */ = {isa = PBXFileReference; explicitFileType = wrapper.framework; includeInIndex = 0; path = Pods_InstaFyUITests.framework; sourceTree = BUILT_PRODUCTS_DIR; };
		A23EB21B9E7BB52FA15A9F42 /* Pods_InstaFy.framework */ = {isa = PBXFileReference; explicitFileType = wrapper.framework; includeInIndex = 0; path = Pods_InstaFy.framework; sourceTree = BUILT_PRODUCTS_DIR; };
		B1AA72E51582FAA680DF41C3 /* Pods-InstaFyTests.debug.xcconfig */ = {isa = PBXFileReference; includeInIndex = 1; lastKnownFileType = text.xcconfig; name = "Pods-InstaFyTests.debug.xcconfig"; path = "Pods/Target Support Files/Pods-InstaFyTests/Pods-InstaFyTests.debug.xcconfig"; sourceTree = "<group>"; };
/* End PBXFileReference section */

/* Begin PBXFrameworksBuildPhase section */
		0A6AE9A8215BD7B00037417B /* Frameworks */ = {
			isa = PBXFrameworksBuildPhase;
			buildActionMask = 2147483647;
			files = (
				06F3996ABC221227B679EF07 /* Pods_InstaFy.framework in Frameworks */,
			);
			runOnlyForDeploymentPostprocessing = 0;
		};
		0A6AE9BC215BD7B40037417B /* Frameworks */ = {
			isa = PBXFrameworksBuildPhase;
			buildActionMask = 2147483647;
			files = (
				8A65D6549F1CCF28E3BE6E77 /* Pods_InstaFyTests.framework in Frameworks */,
			);
			runOnlyForDeploymentPostprocessing = 0;
		};
		0A6AE9C7215BD7B40037417B /* Frameworks */ = {
			isa = PBXFrameworksBuildPhase;
			buildActionMask = 2147483647;
			files = (
				7A03EBCF70F81FA2DC73EC81 /* Pods_InstaFyUITests.framework in Frameworks */,
			);
			runOnlyForDeploymentPostprocessing = 0;
		};
/* End PBXFrameworksBuildPhase section */

/* Begin PBXGroup section */
		0A6AE9A2215BD7B00037417B = {
			isa = PBXGroup;
			children = (
				0A6AE9AD215BD7B00037417B /* InstaFy */,
				0A6AE9C2215BD7B40037417B /* InstaFyTests */,
				0A6AE9CD215BD7B40037417B /* InstaFyUITests */,
				0A6AE9AC215BD7B00037417B /* Products */,
				CECE3F48DA64CDD3F1C98B77 /* Pods */,
				0CED73F64718C98CF4015B1F /* Frameworks */,
			);
			sourceTree = "<group>";
		};
		0A6AE9AC215BD7B00037417B /* Products */ = {
			isa = PBXGroup;
			children = (
				0A6AE9AB215BD7B00037417B /* InstaFy.app */,
				0A6AE9BF215BD7B40037417B /* InstaFyTests.xctest */,
				0A6AE9CA215BD7B40037417B /* InstaFyUITests.xctest */,
			);
			name = Products;
			sourceTree = "<group>";
		};
		0A6AE9AD215BD7B00037417B /* InstaFy */ = {
			isa = PBXGroup;
			children = (
				0A6AE9AE215BD7B00037417B /* AppDelegate.swift */,
				0A6AE9B0215BD7B00037417B /* ViewController.swift */,
				0A6AE9B2215BD7B00037417B /* Main.storyboard */,
				0A6AE9B5215BD7B40037417B /* Assets.xcassets */,
				0A6AE9B7215BD7B40037417B /* LaunchScreen.storyboard */,
				0A6AE9BA215BD7B40037417B /* Info.plist */,
				0A6AE9DC215BE4C00037417B /* LoginViewController.swift */,
				0AD8883F215D8F92009825F1 /* AuthenticatedViewController.swift */,
				0A82C549215F0100005E3001 /* Post.swift */,
				0A82C54B215F0362005E3001 /* ImageCell.swift */,
				0A2E25D82162B9F500258417 /* ComposeViewController.swift */,
				0A2E25DA2164504C00258417 /* DetailViewController.swift */,
			);
			path = InstaFy;
			sourceTree = "<group>";
		};
		0A6AE9C2215BD7B40037417B /* InstaFyTests */ = {
			isa = PBXGroup;
			children = (
				0A6AE9C3215BD7B40037417B /* InstaFyTests.swift */,
				0A6AE9C5215BD7B40037417B /* Info.plist */,
			);
			path = InstaFyTests;
			sourceTree = "<group>";
		};
		0A6AE9CD215BD7B40037417B /* InstaFyUITests */ = {
			isa = PBXGroup;
			children = (
				0A6AE9CE215BD7B40037417B /* InstaFyUITests.swift */,
				0A6AE9D0215BD7B40037417B /* Info.plist */,
			);
			path = InstaFyUITests;
			sourceTree = "<group>";
		};
		0CED73F64718C98CF4015B1F /* Frameworks */ = {
			isa = PBXGroup;
			children = (
				A23EB21B9E7BB52FA15A9F42 /* Pods_InstaFy.framework */,
				77BE3BF56EF9F2EDE1EF2C05 /* Pods_InstaFyTests.framework */,
				9E9BD59CA37F94970D6A1E05 /* Pods_InstaFyUITests.framework */,
			);
			name = Frameworks;
			sourceTree = "<group>";
		};
		CECE3F48DA64CDD3F1C98B77 /* Pods */ = {
			isa = PBXGroup;
			children = (
				2B5BBB64487E0408F5B32D51 /* Pods-InstaFy.debug.xcconfig */,
				0266FDA4126AAADBA94EC62B /* Pods-InstaFy.release.xcconfig */,
				B1AA72E51582FAA680DF41C3 /* Pods-InstaFyTests.debug.xcconfig */,
				750DB533E057DEB8243B0BFD /* Pods-InstaFyTests.release.xcconfig */,
				539B50B80335F812F9989DB5 /* Pods-InstaFyUITests.debug.xcconfig */,
				147CCE608E5D3E89D5B58DF8 /* Pods-InstaFyUITests.release.xcconfig */,
			);
			name = Pods;
			sourceTree = "<group>";
		};
/* End PBXGroup section */

/* Begin PBXNativeTarget section */
		0A6AE9AA215BD7B00037417B /* InstaFy */ = {
			isa = PBXNativeTarget;
			buildConfigurationList = 0A6AE9D3215BD7B40037417B /* Build configuration list for PBXNativeTarget "InstaFy" */;
			buildPhases = (
				B5C583856DD467C7530D5D46 /* [CP] Check Pods Manifest.lock */,
				0A6AE9A7215BD7B00037417B /* Sources */,
				0A6AE9A8215BD7B00037417B /* Frameworks */,
				0A6AE9A9215BD7B00037417B /* Resources */,
				0B8B06061ECF64743B2CC576 /* [CP] Embed Pods Frameworks */,
			);
			buildRules = (
			);
			dependencies = (
			);
			name = InstaFy;
			productName = InstaFy;
			productReference = 0A6AE9AB215BD7B00037417B /* InstaFy.app */;
			productType = "com.apple.product-type.application";
		};
		0A6AE9BE215BD7B40037417B /* InstaFyTests */ = {
			isa = PBXNativeTarget;
			buildConfigurationList = 0A6AE9D6215BD7B40037417B /* Build configuration list for PBXNativeTarget "InstaFyTests" */;
			buildPhases = (
				E30DFD2B0B2C272852735D5D /* [CP] Check Pods Manifest.lock */,
				0A6AE9BB215BD7B40037417B /* Sources */,
				0A6AE9BC215BD7B40037417B /* Frameworks */,
				0A6AE9BD215BD7B40037417B /* Resources */,
			);
			buildRules = (
			);
			dependencies = (
				0A6AE9C1215BD7B40037417B /* PBXTargetDependency */,
			);
			name = InstaFyTests;
			productName = InstaFyTests;
			productReference = 0A6AE9BF215BD7B40037417B /* InstaFyTests.xctest */;
			productType = "com.apple.product-type.bundle.unit-test";
		};
		0A6AE9C9215BD7B40037417B /* InstaFyUITests */ = {
			isa = PBXNativeTarget;
			buildConfigurationList = 0A6AE9D9215BD7B40037417B /* Build configuration list for PBXNativeTarget "InstaFyUITests" */;
			buildPhases = (
				6CE73BB08556A3B082CE991E /* [CP] Check Pods Manifest.lock */,
				0A6AE9C6215BD7B40037417B /* Sources */,
				0A6AE9C7215BD7B40037417B /* Frameworks */,
				0A6AE9C8215BD7B40037417B /* Resources */,
			);
			buildRules = (
			);
			dependencies = (
				0A6AE9CC215BD7B40037417B /* PBXTargetDependency */,
			);
			name = InstaFyUITests;
			productName = InstaFyUITests;
			productReference = 0A6AE9CA215BD7B40037417B /* InstaFyUITests.xctest */;
			productType = "com.apple.product-type.bundle.ui-testing";
		};
/* End PBXNativeTarget section */

/* Begin PBXProject section */
		0A6AE9A3215BD7B00037417B /* Project object */ = {
			isa = PBXProject;
			attributes = {
				LastSwiftUpdateCheck = 1000;
				LastUpgradeCheck = 1000;
				ORGANIZATIONNAME = "Tommy Tran";
				TargetAttributes = {
					0A6AE9AA215BD7B00037417B = {
						CreatedOnToolsVersion = 10.0;
					};
					0A6AE9BE215BD7B40037417B = {
						CreatedOnToolsVersion = 10.0;
						TestTargetID = 0A6AE9AA215BD7B00037417B;
					};
					0A6AE9C9215BD7B40037417B = {
						CreatedOnToolsVersion = 10.0;
						TestTargetID = 0A6AE9AA215BD7B00037417B;
					};
				};
			};
			buildConfigurationList = 0A6AE9A6215BD7B00037417B /* Build configuration list for PBXProject "InstaFy" */;
			compatibilityVersion = "Xcode 9.3";
			developmentRegion = en;
			hasScannedForEncodings = 0;
			knownRegions = (
				en,
				Base,
			);
			mainGroup = 0A6AE9A2215BD7B00037417B;
			productRefGroup = 0A6AE9AC215BD7B00037417B /* Products */;
			projectDirPath = "";
			projectRoot = "";
			targets = (
				0A6AE9AA215BD7B00037417B /* InstaFy */,
				0A6AE9BE215BD7B40037417B /* InstaFyTests */,
				0A6AE9C9215BD7B40037417B /* InstaFyUITests */,
			);
		};
/* End PBXProject section */

/* Begin PBXResourcesBuildPhase section */
		0A6AE9A9215BD7B00037417B /* Resources */ = {
			isa = PBXResourcesBuildPhase;
			buildActionMask = 2147483647;
			files = (
				0A6AE9B9215BD7B40037417B /* LaunchScreen.storyboard in Resources */,
				0A6AE9B6215BD7B40037417B /* Assets.xcassets in Resources */,
				0A6AE9B4215BD7B00037417B /* Main.storyboard in Resources */,
			);
			runOnlyForDeploymentPostprocessing = 0;
		};
		0A6AE9BD215BD7B40037417B /* Resources */ = {
			isa = PBXResourcesBuildPhase;
			buildActionMask = 2147483647;
			files = (
			);
			runOnlyForDeploymentPostprocessing = 0;
		};
		0A6AE9C8215BD7B40037417B /* Resources */ = {
			isa = PBXResourcesBuildPhase;
			buildActionMask = 2147483647;
			files = (
			);
			runOnlyForDeploymentPostprocessing = 0;
		};
/* End PBXResourcesBuildPhase section */

/* Begin PBXShellScriptBuildPhase section */
		0B8B06061ECF64743B2CC576 /* [CP] Embed Pods Frameworks */ = {
			isa = PBXShellScriptBuildPhase;
			buildActionMask = 2147483647;
			files = (
			);
			inputFileListPaths = (
			);
			inputPaths = (
				"${SRCROOT}/Pods/Target Support Files/Pods-InstaFy/Pods-InstaFy-frameworks.sh",
				"${BUILT_PRODUCTS_DIR}/Bolts/Bolts.framework",
				"${BUILT_PRODUCTS_DIR}/Parse/Parse.framework",
				"${BUILT_PRODUCTS_DIR}/ParseUI/ParseUI.framework",
			);
			name = "[CP] Embed Pods Frameworks";
			outputFileListPaths = (
			);
			outputPaths = (
				"${TARGET_BUILD_DIR}/${FRAMEWORKS_FOLDER_PATH}/Bolts.framework",
				"${TARGET_BUILD_DIR}/${FRAMEWORKS_FOLDER_PATH}/Parse.framework",
				"${TARGET_BUILD_DIR}/${FRAMEWORKS_FOLDER_PATH}/ParseUI.framework",
			);
			runOnlyForDeploymentPostprocessing = 0;
			shellPath = /bin/sh;
			shellScript = "\"${SRCROOT}/Pods/Target Support Files/Pods-InstaFy/Pods-InstaFy-frameworks.sh\"\n";
			showEnvVarsInLog = 0;
		};
		6CE73BB08556A3B082CE991E /* [CP] Check Pods Manifest.lock */ = {
			isa = PBXShellScriptBuildPhase;
			buildActionMask = 2147483647;
			files = (
			);
			inputFileListPaths = (
			);
			inputPaths = (
				"${PODS_PODFILE_DIR_PATH}/Podfile.lock",
				"${PODS_ROOT}/Manifest.lock",
			);
			name = "[CP] Check Pods Manifest.lock";
			outputFileListPaths = (
			);
			outputPaths = (
				"$(DERIVED_FILE_DIR)/Pods-InstaFyUITests-checkManifestLockResult.txt",
			);
			runOnlyForDeploymentPostprocessing = 0;
			shellPath = /bin/sh;
			shellScript = "diff \"${PODS_PODFILE_DIR_PATH}/Podfile.lock\" \"${PODS_ROOT}/Manifest.lock\" > /dev/null\nif [ $? != 0 ] ; then\n    # print error to STDERR\n    echo \"error: The sandbox is not in sync with the Podfile.lock. Run 'pod install' or update your CocoaPods installation.\" >&2\n    exit 1\nfi\n# This output is used by Xcode 'outputs' to avoid re-running this script phase.\necho \"SUCCESS\" > \"${SCRIPT_OUTPUT_FILE_0}\"\n";
			showEnvVarsInLog = 0;
		};
		B5C583856DD467C7530D5D46 /* [CP] Check Pods Manifest.lock */ = {
			isa = PBXShellScriptBuildPhase;
			buildActionMask = 2147483647;
			files = (
			);
			inputFileListPaths = (
			);
			inputPaths = (
				"${PODS_PODFILE_DIR_PATH}/Podfile.lock",
				"${PODS_ROOT}/Manifest.lock",
			);
			name = "[CP] Check Pods Manifest.lock";
			outputFileListPaths = (
			);
			outputPaths = (
				"$(DERIVED_FILE_DIR)/Pods-InstaFy-checkManifestLockResult.txt",
			);
			runOnlyForDeploymentPostprocessing = 0;
			shellPath = /bin/sh;
			shellScript = "diff \"${PODS_PODFILE_DIR_PATH}/Podfile.lock\" \"${PODS_ROOT}/Manifest.lock\" > /dev/null\nif [ $? != 0 ] ; then\n    # print error to STDERR\n    echo \"error: The sandbox is not in sync with the Podfile.lock. Run 'pod install' or update your CocoaPods installation.\" >&2\n    exit 1\nfi\n# This output is used by Xcode 'outputs' to avoid re-running this script phase.\necho \"SUCCESS\" > \"${SCRIPT_OUTPUT_FILE_0}\"\n";
			showEnvVarsInLog = 0;
		};
		E30DFD2B0B2C272852735D5D /* [CP] Check Pods Manifest.lock */ = {
			isa = PBXShellScriptBuildPhase;
			buildActionMask = 2147483647;
			files = (
			);
			inputFileListPaths = (
			);
			inputPaths = (
				"${PODS_PODFILE_DIR_PATH}/Podfile.lock",
				"${PODS_ROOT}/Manifest.lock",
			);
			name = "[CP] Check Pods Manifest.lock";
			outputFileListPaths = (
			);
			outputPaths = (
				"$(DERIVED_FILE_DIR)/Pods-InstaFyTests-checkManifestLockResult.txt",
			);
			runOnlyForDeploymentPostprocessing = 0;
			shellPath = /bin/sh;
			shellScript = "diff \"${PODS_PODFILE_DIR_PATH}/Podfile.lock\" \"${PODS_ROOT}/Manifest.lock\" > /dev/null\nif [ $? != 0 ] ; then\n    # print error to STDERR\n    echo \"error: The sandbox is not in sync with the Podfile.lock. Run 'pod install' or update your CocoaPods installation.\" >&2\n    exit 1\nfi\n# This output is used by Xcode 'outputs' to avoid re-running this script phase.\necho \"SUCCESS\" > \"${SCRIPT_OUTPUT_FILE_0}\"\n";
			showEnvVarsInLog = 0;
		};
/* End PBXShellScriptBuildPhase section */

/* Begin PBXSourcesBuildPhase section */
		0A6AE9A7215BD7B00037417B /* Sources */ = {
			isa = PBXSourcesBuildPhase;
			buildActionMask = 2147483647;
			files = (
				0A6AE9DD215BE4C00037417B /* LoginViewController.swift in Sources */,
				0A6AE9B1215BD7B00037417B /* ViewController.swift in Sources */,
				0AD88840215D8F92009825F1 /* AuthenticatedViewController.swift in Sources */,
				0A6AE9AF215BD7B00037417B /* AppDelegate.swift in Sources */,
				0A82C54A215F0101005E3001 /* Post.swift in Sources */,
				0A82C54C215F0362005E3001 /* ImageCell.swift in Sources */,
				0A2E25D92162B9F500258417 /* ComposeViewController.swift in Sources */,
				0A2E25DB2164504C00258417 /* DetailViewController.swift in Sources */,
			);
			runOnlyForDeploymentPostprocessing = 0;
		};
		0A6AE9BB215BD7B40037417B /* Sources */ = {
			isa = PBXSourcesBuildPhase;
			buildActionMask = 2147483647;
			files = (
				0A6AE9C4215BD7B40037417B /* InstaFyTests.swift in Sources */,
			);
			runOnlyForDeploymentPostprocessing = 0;
		};
		0A6AE9C6215BD7B40037417B /* Sources */ = {
			isa = PBXSourcesBuildPhase;
			buildActionMask = 2147483647;
			files = (
				0A6AE9CF215BD7B40037417B /* InstaFyUITests.swift in Sources */,
			);
			runOnlyForDeploymentPostprocessing = 0;
		};
/* End PBXSourcesBuildPhase section */

/* Begin PBXTargetDependency section */
		0A6AE9C1215BD7B40037417B /* PBXTargetDependency */ = {
			isa = PBXTargetDependency;
			target = 0A6AE9AA215BD7B00037417B /* InstaFy */;
			targetProxy = 0A6AE9C0215BD7B40037417B /* PBXContainerItemProxy */;
		};
		0A6AE9CC215BD7B40037417B /* PBXTargetDependency */ = {
			isa = PBXTargetDependency;
			target = 0A6AE9AA215BD7B00037417B /* InstaFy */;
			targetProxy = 0A6AE9CB215BD7B40037417B /* PBXContainerItemProxy */;
		};
/* End PBXTargetDependency section */

/* Begin PBXVariantGroup section */
		0A6AE9B2215BD7B00037417B /* Main.storyboard */ = {
			isa = PBXVariantGroup;
			children = (
				0A6AE9B3215BD7B00037417B /* Base */,
			);
			name = Main.storyboard;
			sourceTree = "<group>";
		};
		0A6AE9B7215BD7B40037417B /* LaunchScreen.storyboard */ = {
			isa = PBXVariantGroup;
			children = (
				0A6AE9B8215BD7B40037417B /* Base */,
			);
			name = LaunchScreen.storyboard;
			sourceTree = "<group>";
		};
/* End PBXVariantGroup section */

/* Begin XCBuildConfiguration section */
		0A6AE9D1215BD7B40037417B /* Debug */ = {
			isa = XCBuildConfiguration;
			buildSettings = {
				ALWAYS_SEARCH_USER_PATHS = NO;
				CLANG_ANALYZER_NONNULL = YES;
				CLANG_ANALYZER_NUMBER_OBJECT_CONVERSION = YES_AGGRESSIVE;
				CLANG_CXX_LANGUAGE_STANDARD = "gnu++14";
				CLANG_CXX_LIBRARY = "libc++";
				CLANG_ENABLE_MODULES = YES;
				CLANG_ENABLE_OBJC_ARC = YES;
				CLANG_ENABLE_OBJC_WEAK = YES;
				CLANG_WARN_BLOCK_CAPTURE_AUTORELEASING = YES;
				CLANG_WARN_BOOL_CONVERSION = YES;
				CLANG_WARN_COMMA = YES;
				CLANG_WARN_CONSTANT_CONVERSION = YES;
				CLANG_WARN_DEPRECATED_OBJC_IMPLEMENTATIONS = YES;
				CLANG_WARN_DIRECT_OBJC_ISA_USAGE = YES_ERROR;
				CLANG_WARN_DOCUMENTATION_COMMENTS = YES;
				CLANG_WARN_EMPTY_BODY = YES;
				CLANG_WARN_ENUM_CONVERSION = YES;
				CLANG_WARN_INFINITE_RECURSION = YES;
				CLANG_WARN_INT_CONVERSION = YES;
				CLANG_WARN_NON_LITERAL_NULL_CONVERSION = YES;
				CLANG_WARN_OBJC_IMPLICIT_RETAIN_SELF = YES;
				CLANG_WARN_OBJC_LITERAL_CONVERSION = YES;
				CLANG_WARN_OBJC_ROOT_CLASS = YES_ERROR;
				CLANG_WARN_RANGE_LOOP_ANALYSIS = YES;
				CLANG_WARN_STRICT_PROTOTYPES = YES;
				CLANG_WARN_SUSPICIOUS_MOVE = YES;
				CLANG_WARN_UNGUARDED_AVAILABILITY = YES_AGGRESSIVE;
				CLANG_WARN_UNREACHABLE_CODE = YES;
				CLANG_WARN__DUPLICATE_METHOD_MATCH = YES;
				CODE_SIGN_IDENTITY = "iPhone Developer";
				COPY_PHASE_STRIP = NO;
				DEBUG_INFORMATION_FORMAT = dwarf;
				ENABLE_STRICT_OBJC_MSGSEND = YES;
				ENABLE_TESTABILITY = YES;
				GCC_C_LANGUAGE_STANDARD = gnu11;
				GCC_DYNAMIC_NO_PIC = NO;
				GCC_NO_COMMON_BLOCKS = YES;
				GCC_OPTIMIZATION_LEVEL = 0;
				GCC_PREPROCESSOR_DEFINITIONS = (
					"DEBUG=1",
					"$(inherited)",
				);
				GCC_WARN_64_TO_32_BIT_CONVERSION = YES;
				GCC_WARN_ABOUT_RETURN_TYPE = YES_ERROR;
				GCC_WARN_UNDECLARED_SELECTOR = YES;
				GCC_WARN_UNINITIALIZED_AUTOS = YES_AGGRESSIVE;
				GCC_WARN_UNUSED_FUNCTION = YES;
				GCC_WARN_UNUSED_VARIABLE = YES;
				IPHONEOS_DEPLOYMENT_TARGET = 12.0;
				MTL_ENABLE_DEBUG_INFO = INCLUDE_SOURCE;
				MTL_FAST_MATH = YES;
				ONLY_ACTIVE_ARCH = YES;
				SDKROOT = iphoneos;
				SWIFT_ACTIVE_COMPILATION_CONDITIONS = DEBUG;
				SWIFT_OPTIMIZATION_LEVEL = "-Onone";
			};
			name = Debug;
		};
		0A6AE9D2215BD7B40037417B /* Release */ = {
			isa = XCBuildConfiguration;
			buildSettings = {
				ALWAYS_SEARCH_USER_PATHS = NO;
				CLANG_ANALYZER_NONNULL = YES;
				CLANG_ANALYZER_NUMBER_OBJECT_CONVERSION = YES_AGGRESSIVE;
				CLANG_CXX_LANGUAGE_STANDARD = "gnu++14";
				CLANG_CXX_LIBRARY = "libc++";
				CLANG_ENABLE_MODULES = YES;
				CLANG_ENABLE_OBJC_ARC = YES;
				CLANG_ENABLE_OBJC_WEAK = YES;
				CLANG_WARN_BLOCK_CAPTURE_AUTORELEASING = YES;
				CLANG_WARN_BOOL_CONVERSION = YES;
				CLANG_WARN_COMMA = YES;
				CLANG_WARN_CONSTANT_CONVERSION = YES;
				CLANG_WARN_DEPRECATED_OBJC_IMPLEMENTATIONS = YES;
				CLANG_WARN_DIRECT_OBJC_ISA_USAGE = YES_ERROR;
				CLANG_WARN_DOCUMENTATION_COMMENTS = YES;
				CLANG_WARN_EMPTY_BODY = YES;
				CLANG_WARN_ENUM_CONVERSION = YES;
				CLANG_WARN_INFINITE_RECURSION = YES;
				CLANG_WARN_INT_CONVERSION = YES;
				CLANG_WARN_NON_LITERAL_NULL_CONVERSION = YES;
				CLANG_WARN_OBJC_IMPLICIT_RETAIN_SELF = YES;
				CLANG_WARN_OBJC_LITERAL_CONVERSION = YES;
				CLANG_WARN_OBJC_ROOT_CLASS = YES_ERROR;
				CLANG_WARN_RANGE_LOOP_ANALYSIS = YES;
				CLANG_WARN_STRICT_PROTOTYPES = YES;
				CLANG_WARN_SUSPICIOUS_MOVE = YES;
				CLANG_WARN_UNGUARDED_AVAILABILITY = YES_AGGRESSIVE;
				CLANG_WARN_UNREACHABLE_CODE = YES;
				CLANG_WARN__DUPLICATE_METHOD_MATCH = YES;
				CODE_SIGN_IDENTITY = "iPhone Developer";
				COPY_PHASE_STRIP = NO;
				DEBUG_INFORMATION_FORMAT = "dwarf-with-dsym";
				ENABLE_NS_ASSERTIONS = NO;
				ENABLE_STRICT_OBJC_MSGSEND = YES;
				GCC_C_LANGUAGE_STANDARD = gnu11;
				GCC_NO_COMMON_BLOCKS = YES;
				GCC_WARN_64_TO_32_BIT_CONVERSION = YES;
				GCC_WARN_ABOUT_RETURN_TYPE = YES_ERROR;
				GCC_WARN_UNDECLARED_SELECTOR = YES;
				GCC_WARN_UNINITIALIZED_AUTOS = YES_AGGRESSIVE;
				GCC_WARN_UNUSED_FUNCTION = YES;
				GCC_WARN_UNUSED_VARIABLE = YES;
				IPHONEOS_DEPLOYMENT_TARGET = 12.0;
				MTL_ENABLE_DEBUG_INFO = NO;
				MTL_FAST_MATH = YES;
				SDKROOT = iphoneos;
				SWIFT_COMPILATION_MODE = wholemodule;
				SWIFT_OPTIMIZATION_LEVEL = "-O";
				VALIDATE_PRODUCT = YES;
			};
			name = Release;
		};
		0A6AE9D4215BD7B40037417B /* Debug */ = {
			isa = XCBuildConfiguration;
			baseConfigurationReference = 2B5BBB64487E0408F5B32D51 /* Pods-InstaFy.debug.xcconfig */;
			buildSettings = {
				ASSETCATALOG_COMPILER_APPICON_NAME = AppIcon;
				CODE_SIGN_STYLE = Automatic;
				DEVELOPMENT_TEAM = N7T32W5G6L;
				INFOPLIST_FILE = InstaFy/Info.plist;
				LD_RUNPATH_SEARCH_PATHS = (
					"$(inherited)",
					"@executable_path/Frameworks",
				);
				PRODUCT_BUNDLE_IDENTIFIER = "T-T.InstaFy";
				PRODUCT_NAME = "$(TARGET_NAME)";
				SWIFT_VERSION = 4.2;
				TARGETED_DEVICE_FAMILY = "1,2";
			};
			name = Debug;
		};
		0A6AE9D5215BD7B40037417B /* Release */ = {
			isa = XCBuildConfiguration;
			baseConfigurationReference = 0266FDA4126AAADBA94EC62B /* Pods-InstaFy.release.xcconfig */;
			buildSettings = {
				ASSETCATALOG_COMPILER_APPICON_NAME = AppIcon;
				CODE_SIGN_STYLE = Automatic;
				DEVELOPMENT_TEAM = N7T32W5G6L;
				INFOPLIST_FILE = InstaFy/Info.plist;
				LD_RUNPATH_SEARCH_PATHS = (
					"$(inherited)",
					"@executable_path/Frameworks",
				);
				PRODUCT_BUNDLE_IDENTIFIER = "T-T.InstaFy";
				PRODUCT_NAME = "$(TARGET_NAME)";
				SWIFT_VERSION = 4.2;
				TARGETED_DEVICE_FAMILY = "1,2";
			};
			name = Release;
		};
		0A6AE9D7215BD7B40037417B /* Debug */ = {
			isa = XCBuildConfiguration;
			baseConfigurationReference = B1AA72E51582FAA680DF41C3 /* Pods-InstaFyTests.debug.xcconfig */;
			buildSettings = {
				ALWAYS_EMBED_SWIFT_STANDARD_LIBRARIES = YES;
				BUNDLE_LOADER = "$(TEST_HOST)";
				CODE_SIGN_STYLE = Automatic;
				DEVELOPMENT_TEAM = N7T32W5G6L;
				INFOPLIST_FILE = InstaFyTests/Info.plist;
				LD_RUNPATH_SEARCH_PATHS = (
					"$(inherited)",
					"@executable_path/Frameworks",
					"@loader_path/Frameworks",
				);
				PRODUCT_BUNDLE_IDENTIFIER = "T-T.InstaFyTests";
				PRODUCT_NAME = "$(TARGET_NAME)";
				SWIFT_VERSION = 4.2;
				TARGETED_DEVICE_FAMILY = "1,2";
				TEST_HOST = "$(BUILT_PRODUCTS_DIR)/InstaFy.app/InstaFy";
			};
			name = Debug;
		};
		0A6AE9D8215BD7B40037417B /* Release */ = {
			isa = XCBuildConfiguration;
			baseConfigurationReference = 750DB533E057DEB8243B0BFD /* Pods-InstaFyTests.release.xcconfig */;
			buildSettings = {
				ALWAYS_EMBED_SWIFT_STANDARD_LIBRARIES = YES;
				BUNDLE_LOADER = "$(TEST_HOST)";
				CODE_SIGN_STYLE = Automatic;
				DEVELOPMENT_TEAM = N7T32W5G6L;
				INFOPLIST_FILE = InstaFyTests/Info.plist;
				LD_RUNPATH_SEARCH_PATHS = (
					"$(inherited)",
					"@executable_path/Frameworks",
					"@loader_path/Frameworks",
				);
				PRODUCT_BUNDLE_IDENTIFIER = "T-T.InstaFyTests";
				PRODUCT_NAME = "$(TARGET_NAME)";
				SWIFT_VERSION = 4.2;
				TARGETED_DEVICE_FAMILY = "1,2";
				TEST_HOST = "$(BUILT_PRODUCTS_DIR)/InstaFy.app/InstaFy";
			};
			name = Release;
		};
		0A6AE9DA215BD7B40037417B /* Debug */ = {
			isa = XCBuildConfiguration;
			baseConfigurationReference = 539B50B80335F812F9989DB5 /* Pods-InstaFyUITests.debug.xcconfig */;
			buildSettings = {
				ALWAYS_EMBED_SWIFT_STANDARD_LIBRARIES = YES;
				CODE_SIGN_STYLE = Automatic;
				DEVELOPMENT_TEAM = N7T32W5G6L;
				INFOPLIST_FILE = InstaFyUITests/Info.plist;
				LD_RUNPATH_SEARCH_PATHS = (
					"$(inherited)",
					"@executable_path/Frameworks",
					"@loader_path/Frameworks",
				);
				PRODUCT_BUNDLE_IDENTIFIER = "T-T.InstaFyUITests";
				PRODUCT_NAME = "$(TARGET_NAME)";
				SWIFT_VERSION = 4.2;
				TARGETED_DEVICE_FAMILY = "1,2";
				TEST_TARGET_NAME = InstaFy;
			};
			name = Debug;
		};
		0A6AE9DB215BD7B40037417B /* Release */ = {
			isa = XCBuildConfiguration;
			baseConfigurationReference = 147CCE608E5D3E89D5B58DF8 /* Pods-InstaFyUITests.release.xcconfig */;
			buildSettings = {
				ALWAYS_EMBED_SWIFT_STANDARD_LIBRARIES = YES;
				CODE_SIGN_STYLE = Automatic;
				DEVELOPMENT_TEAM = N7T32W5G6L;
				INFOPLIST_FILE = InstaFyUITests/Info.plist;
				LD_RUNPATH_SEARCH_PATHS = (
					"$(inherited)",
					"@executable_path/Frameworks",
					"@loader_path/Frameworks",
				);
				PRODUCT_BUNDLE_IDENTIFIER = "T-T.InstaFyUITests";
				PRODUCT_NAME = "$(TARGET_NAME)";
				SWIFT_VERSION = 4.2;
				TARGETED_DEVICE_FAMILY = "1,2";
				TEST_TARGET_NAME = InstaFy;
			};
			name = Release;
		};
/* End XCBuildConfiguration section */

/* Begin XCConfigurationList section */
		0A6AE9A6215BD7B00037417B /* Build configuration list for PBXProject "InstaFy" */ = {
			isa = XCConfigurationList;
			buildConfigurations = (
				0A6AE9D1215BD7B40037417B /* Debug */,
				0A6AE9D2215BD7B40037417B /* Release */,
			);
			defaultConfigurationIsVisible = 0;
			defaultConfigurationName = Release;
		};
		0A6AE9D3215BD7B40037417B /* Build configuration list for PBXNativeTarget "InstaFy" */ = {
			isa = XCConfigurationList;
			buildConfigurations = (
				0A6AE9D4215BD7B40037417B /* Debug */,
				0A6AE9D5215BD7B40037417B /* Release */,
			);
			defaultConfigurationIsVisible = 0;
			defaultConfigurationName = Release;
		};
		0A6AE9D6215BD7B40037417B /* Build configuration list for PBXNativeTarget "InstaFyTests" */ = {
			isa = XCConfigurationList;
			buildConfigurations = (
				0A6AE9D7215BD7B40037417B /* Debug */,
				0A6AE9D8215BD7B40037417B /* Release */,
			);
			defaultConfigurationIsVisible = 0;
			defaultConfigurationName = Release;
		};
		0A6AE9D9215BD7B40037417B /* Build configuration list for PBXNativeTarget "InstaFyUITests" */ = {
			isa = XCConfigurationList;
			buildConfigurations = (
				0A6AE9DA215BD7B40037417B /* Debug */,
				0A6AE9DB215BD7B40037417B /* Release */,
			);
			defaultConfigurationIsVisible = 0;
			defaultConfigurationName = Release;
		};
/* End XCConfigurationList section */
	};
	rootObject = 0A6AE9A3215BD7B00037417B /* Project object */;
}
